
Microsoft Visual Studio Solution File, Format Version 12.00
# Visual Studio Version 16
VisualStudioVersion = 16.0.31321.278
MinimumVisualStudioVersion = 10.0.40219.1
Project("{FAE04EC0-301F-11D3-BF4B-00C04F79EFBC}") = "CoinJar", "CoinJar\CoinJar.csproj", "{71DB6710-C625-4A16-8DAE-6B7747DCF4E9}"
EndProject
Project("{FAE04EC0-301F-11D3-BF4B-00C04F79EFBC}") = "CoinJar.Tests", "CoinJar.Tests\CoinJar.Tests.csproj", "{07D927EB-AFA9-4DC5-B72B-4E3549415004}"
EndProject
Global
	GlobalSection(SolutionConfigurationPlatforms) = preSolution
		Debug|Any CPU = Debug|Any CPU
		Release|Any CPU = Release|Any CPU
	EndGlobalSection
	GlobalSection(ProjectConfigurationPlatforms) = postSolution
		{71DB6710-C625-4A16-8DAE-6B7747DCF4E9}.Debug|Any CPU.ActiveCfg = Debug|Any CPU
		{71DB6710-C625-4A16-8DAE-6B7747DCF4E9}.Debug|Any CPU.Build.0 = Debug|Any CPU
		{71DB6710-C625-4A16-8DAE-6B7747DCF4E9}.Release|Any CPU.ActiveCfg = Release|Any CPU
		{71DB6710-C625-4A16-8DAE-6B7747DCF4E9}.Release|Any CPU.Build.0 = Release|Any CPU
		{07D927EB-AFA9-4DC5-B72B-4E3549415004}.Debug|Any CPU.ActiveCfg = Debug|Any CPU
		{07D927EB-AFA9-4DC5-B72B-4E3549415004}.Debug|Any CPU.Build.0 = Debug|Any CPU
		{07D927EB-AFA9-4DC5-B72B-4E3549415004}.Release|Any CPU.ActiveCfg = Release|Any CPU
		{07D927EB-AFA9-4DC5-B72B-4E3549415004}.Release|Any CPU.Build.0 = Release|Any CPU
	EndGlobalSection
	GlobalSection(SolutionProperties) = preSolution
		HideSolutionNode = FALSE
	EndGlobalSection
	GlobalSection(ExtensibilityGlobals) = postSolution
		SolutionGuid = {0151C50C-867C-4782-BDED-E0C22ED6D142}
	EndGlobalSection
EndGlobal
